
Microsoft Visual Studio Solution File, Format Version 12.00
# Visual Studio Version 16
VisualStudioVersion = 16.0.29613.14
MinimumVisualStudioVersion = 10.0.40219.1
Project("{FAE04EC0-301F-11D3-BF4B-00C04F79EFBC}") = "Calculator", "Calculator\Calculator.csproj", "{BF21E4A5-A7A5-4FFC-A978-0380BA76CA76}"
EndProject
Global
	GlobalSection(SolutionConfigurationPlatforms) = preSolution
		Debug|Any CPU = Debug|Any CPU
		Release|Any CPU = Release|Any CPU
	EndGlobalSection
	GlobalSection(ProjectConfigurationPlatforms) = postSolution
		{BF21E4A5-A7A5-4FFC-A978-0380BA76CA76}.Debug|Any CPU.ActiveCfg = Debug|Any CPU
		{BF21E4A5-A7A5-4FFC-A978-0380BA76CA76}.Debug|Any CPU.Build.0 = Debug|Any CPU
		{BF21E4A5-A7A5-4FFC-A978-0380BA76CA76}.Release|Any CPU.ActiveCfg = Release|Any CPU
		{BF21E4A5-A7A5-4FFC-A978-0380BA76CA76}.Release|Any CPU.Build.0 = Release|Any CPU
	EndGlobalSection
	GlobalSection(SolutionProperties) = preSolution
		HideSolutionNode = FALSE
	EndGlobalSection
	GlobalSection(ExtensibilityGlobals) = postSolution
		SolutionGuid = {680D954E-0271-4A4F-83C9-FE31B907D810}
	EndGlobalSection
EndGlobal
